
Microsoft Visual Studio Solution File, Format Version 12.00
# Visual Studio 15
VisualStudioVersion = 15.0.27130.2024
MinimumVisualStudioVersion = 10.0.40219.1
Project("{FAE04EC0-301F-11D3-BF4B-00C04F79EFBC}") = "AndroidGPSExample", "AndroidGPSExample\AndroidGPSExample.csproj", "{09C23F93-F0CD-4432-9EC4-15259077D02C}"
EndProject
Project("{FAE04EC0-301F-11D3-BF4B-00C04F79EFBC}") = "AndroidGPSExample.Services", "AndroidGPSExample.Service\AndroidGPSExample.Services.csproj", "{200BB0ED-21E3-4110-938B-C9763AA2235A}"
EndProject
Project("{FAE04EC0-301F-11D3-BF4B-00C04F79EFBC}") = "AndroidGPSExample.Domain", "AndroidGPSExample.Domain\AndroidGPSExample.Domain.csproj", "{6C845CDD-2421-4B3D-AE11-006B56B1A8CB}"
EndProject
Global
	GlobalSection(SolutionConfigurationPlatforms) = preSolution
		Debug|Any CPU = Debug|Any CPU
		Release|Any CPU = Release|Any CPU
	EndGlobalSection
	GlobalSection(ProjectConfigurationPlatforms) = postSolution
		{09C23F93-F0CD-4432-9EC4-15259077D02C}.Debug|Any CPU.ActiveCfg = Debug|Any CPU
		{09C23F93-F0CD-4432-9EC4-15259077D02C}.Debug|Any CPU.Build.0 = Debug|Any CPU
		{09C23F93-F0CD-4432-9EC4-15259077D02C}.Debug|Any CPU.Deploy.0 = Debug|Any CPU
		{09C23F93-F0CD-4432-9EC4-15259077D02C}.Release|Any CPU.ActiveCfg = Release|Any CPU
		{09C23F93-F0CD-4432-9EC4-15259077D02C}.Release|Any CPU.Build.0 = Release|Any CPU
		{09C23F93-F0CD-4432-9EC4-15259077D02C}.Release|Any CPU.Deploy.0 = Release|Any CPU
		{200BB0ED-21E3-4110-938B-C9763AA2235A}.Debug|Any CPU.ActiveCfg = Debug|Any CPU
		{200BB0ED-21E3-4110-938B-C9763AA2235A}.Debug|Any CPU.Build.0 = Debug|Any CPU
		{200BB0ED-21E3-4110-938B-C9763AA2235A}.Release|Any CPU.ActiveCfg = Release|Any CPU
		{200BB0ED-21E3-4110-938B-C9763AA2235A}.Release|Any CPU.Build.0 = Release|Any CPU
		{6C845CDD-2421-4B3D-AE11-006B56B1A8CB}.Debug|Any CPU.ActiveCfg = Debug|Any CPU
		{6C845CDD-2421-4B3D-AE11-006B56B1A8CB}.Debug|Any CPU.Build.0 = Debug|Any CPU
		{6C845CDD-2421-4B3D-AE11-006B56B1A8CB}.Release|Any CPU.ActiveCfg = Release|Any CPU
		{6C845CDD-2421-4B3D-AE11-006B56B1A8CB}.Release|Any CPU.Build.0 = Release|Any CPU
	EndGlobalSection
	GlobalSection(SolutionProperties) = preSolution
		HideSolutionNode = FALSE
	EndGlobalSection
	GlobalSection(ExtensibilityGlobals) = postSolution
		SolutionGuid = {35469B37-30D5-4679-9767-ABA2681557EB}
	EndGlobalSection
EndGlobal
